
Microsoft Visual Studio Solution File, Format Version 12.00
# Visual Studio 15
VisualStudioVersion = 15.0.26430.6
MinimumVisualStudioVersion = 10.0.40219.1
Project("{FAE04EC0-301F-11D3-BF4B-00C04F79EFBC}") = "CodingChallenge", "CodingChallenge\CodingChallenge.csproj", "{68467CA2-E151-459B-9628-A781A66793D8}"
EndProject
Project("{2150E333-8FDC-42A3-9474-1A3956D46DE8}") = "AccesoDatos", "AccesoDatos", "{001798DE-D91B-48E3-A2D1-851CFD97C511}"
EndProject
Project("{FAE04EC0-301F-11D3-BF4B-00C04F79EFBC}") = "AccesoDB", "AccesoDB\AccesoDB.csproj", "{CA3EA581-34EB-470B-8496-67CB40B8C76C}"
EndProject
Global
	GlobalSection(SolutionConfigurationPlatforms) = preSolution
		Debug|Any CPU = Debug|Any CPU
		Release|Any CPU = Release|Any CPU
	EndGlobalSection
	GlobalSection(ProjectConfigurationPlatforms) = postSolution
		{68467CA2-E151-459B-9628-A781A66793D8}.Debug|Any CPU.ActiveCfg = Debug|Any CPU
		{68467CA2-E151-459B-9628-A781A66793D8}.Debug|Any CPU.Build.0 = Debug|Any CPU
		{68467CA2-E151-459B-9628-A781A66793D8}.Release|Any CPU.ActiveCfg = Release|Any CPU
		{68467CA2-E151-459B-9628-A781A66793D8}.Release|Any CPU.Build.0 = Release|Any CPU
		{CA3EA581-34EB-470B-8496-67CB40B8C76C}.Debug|Any CPU.ActiveCfg = Debug|Any CPU
		{CA3EA581-34EB-470B-8496-67CB40B8C76C}.Debug|Any CPU.Build.0 = Debug|Any CPU
		{CA3EA581-34EB-470B-8496-67CB40B8C76C}.Release|Any CPU.ActiveCfg = Release|Any CPU
		{CA3EA581-34EB-470B-8496-67CB40B8C76C}.Release|Any CPU.Build.0 = Release|Any CPU
	EndGlobalSection
	GlobalSection(SolutionProperties) = preSolution
		HideSolutionNode = FALSE
	EndGlobalSection
	GlobalSection(NestedProjects) = preSolution
		{CA3EA581-34EB-470B-8496-67CB40B8C76C} = {001798DE-D91B-48E3-A2D1-851CFD97C511}
	EndGlobalSection
EndGlobal
